// !$*UTF8*$!
{
	archiveVersion = 1;
	classes = {
	};
	objectVersion = 55;
	objects = {

/* Begin PBXBuildFile section */
		2499258C28B0794000A56CA2 /* k2mobileappApp.swift in Sources */ = {isa = PBXBuildFile; fileRef = 2499258B28B0794000A56CA2 /* k2mobileappApp.swift */; };
		2499258E28B0794000A56CA2 /* ContentView.swift in Sources */ = {isa = PBXBuildFile; fileRef = 2499258D28B0794000A56CA2 /* ContentView.swift */; };
		2499259028B0794100A56CA2 /* Assets.xcassets in Resources */ = {isa = PBXBuildFile; fileRef = 2499258F28B0794100A56CA2 /* Assets.xcassets */; };
		2499259328B0794100A56CA2 /* Preview Assets.xcassets in Resources */ = {isa = PBXBuildFile; fileRef = 2499259228B0794100A56CA2 /* Preview Assets.xcassets */; };
		2499259D28B0794100A56CA2 /* k2mobileappTests.swift in Sources */ = {isa = PBXBuildFile; fileRef = 2499259C28B0794100A56CA2 /* k2mobileappTests.swift */; };
		249925A728B0794100A56CA2 /* k2mobileappUITests.swift in Sources */ = {isa = PBXBuildFile; fileRef = 249925A628B0794100A56CA2 /* k2mobileappUITests.swift */; };
		249925A928B0794100A56CA2 /* k2mobileappUITestsLaunchTests.swift in Sources */ = {isa = PBXBuildFile; fileRef = 249925A828B0794100A56CA2 /* k2mobileappUITestsLaunchTests.swift */; };
/* End PBXBuildFile section */

/* Begin PBXContainerItemProxy section */
		2499259928B0794100A56CA2 /* PBXContainerItemProxy */ = {
			isa = PBXContainerItemProxy;
			containerPortal = 2499258028B0794000A56CA2 /* Project object */;
			proxyType = 1;
			remoteGlobalIDString = 2499258728B0794000A56CA2;
			remoteInfo = k2mobileapp;
		};
		249925A328B0794100A56CA2 /* PBXContainerItemProxy */ = {
			isa = PBXContainerItemProxy;
			containerPortal = 2499258028B0794000A56CA2 /* Project object */;
			proxyType = 1;
			remoteGlobalIDString = 2499258728B0794000A56CA2;
			remoteInfo = k2mobileapp;
		};
/* End PBXContainerItemProxy section */

/* Begin PBXFileReference section */
		2499258828B0794000A56CA2 /* k2mobileapp.app */ = {isa = PBXFileReference; explicitFileType = wrapper.application; includeInIndex = 0; path = k2mobileapp.app; sourceTree = BUILT_PRODUCTS_DIR; };
		2499258B28B0794000A56CA2 /* k2mobileappApp.swift */ = {isa = PBXFileReference; lastKnownFileType = sourcecode.swift; path = k2mobileappApp.swift; sourceTree = "<group>"; };
		2499258D28B0794000A56CA2 /* ContentView.swift */ = {isa = PBXFileReference; lastKnownFileType = sourcecode.swift; path = ContentView.swift; sourceTree = "<group>"; };
		2499258F28B0794100A56CA2 /* Assets.xcassets */ = {isa = PBXFileReference; lastKnownFileType = folder.assetcatalog; path = Assets.xcassets; sourceTree = "<group>"; };
		2499259228B0794100A56CA2 /* Preview Assets.xcassets */ = {isa = PBXFileReference; lastKnownFileType = folder.assetcatalog; path = "Preview Assets.xcassets"; sourceTree = "<group>"; };
		2499259828B0794100A56CA2 /* k2mobileappTests.xctest */ = {isa = PBXFileReference; explicitFileType = wrapper.cfbundle; includeInIndex = 0; path = k2mobileappTests.xctest; sourceTree = BUILT_PRODUCTS_DIR; };
		2499259C28B0794100A56CA2 /* k2mobileappTests.swift */ = {isa = PBXFileReference; lastKnownFileType = sourcecode.swift; path = k2mobileappTests.swift; sourceTree = "<group>"; };
		249925A228B0794100A56CA2 /* k2mobileappUITests.xctest */ = {isa = PBXFileReference; explicitFileType = wrapper.cfbundle; includeInIndex = 0; path = k2mobileappUITests.xctest; sourceTree = BUILT_PRODUCTS_DIR; };
		249925A628B0794100A56CA2 /* k2mobileappUITests.swift */ = {isa = PBXFileReference; lastKnownFileType = sourcecode.swift; path = k2mobileappUITests.swift; sourceTree = "<group>"; };
		249925A828B0794100A56CA2 /* k2mobileappUITestsLaunchTests.swift */ = {isa = PBXFileReference; lastKnownFileType = sourcecode.swift; path = k2mobileappUITestsLaunchTests.swift; sourceTree = "<group>"; };
/* End PBXFileReference section */

/* Begin PBXFrameworksBuildPhase section */
		2499258528B0794000A56CA2 /* Frameworks */ = {
			isa = PBXFrameworksBuildPhase;
			buildActionMask = 2147483647;
			files = (
			);
			runOnlyForDeploymentPostprocessing = 0;
		};
		2499259528B0794100A56CA2 /* Frameworks */ = {
			isa = PBXFrameworksBuildPhase;
			buildActionMask = 2147483647;
			files = (
			);
			runOnlyForDeploymentPostprocessing = 0;
		};
		2499259F28B0794100A56CA2 /* Frameworks */ = {
			isa = PBXFrameworksBuildPhase;
			buildActionMask = 2147483647;
			files = (
			);
			runOnlyForDeploymentPostprocessing = 0;
		};
/* End PBXFrameworksBuildPhase section */

/* Begin PBXGroup section */
		2499257F28B0794000A56CA2 = {
			isa = PBXGroup;
			children = (
				2499258A28B0794000A56CA2 /* k2mobileapp */,
				2499259B28B0794100A56CA2 /* k2mobileappTests */,
				249925A528B0794100A56CA2 /* k2mobileappUITests */,
				2499258928B0794000A56CA2 /* Products */,
			);
			sourceTree = "<group>";
		};
		2499258928B0794000A56CA2 /* Products */ = {
			isa = PBXGroup;
			children = (
				2499258828B0794000A56CA2 /* k2mobileapp.app */,
				2499259828B0794100A56CA2 /* k2mobileappTests.xctest */,
				249925A228B0794100A56CA2 /* k2mobileappUITests.xctest */,
			);
			name = Products;
			sourceTree = "<group>";
		};
		2499258A28B0794000A56CA2 /* k2mobileapp */ = {
			isa = PBXGroup;
			children = (
				2499258B28B0794000A56CA2 /* k2mobileappApp.swift */,
				2499258D28B0794000A56CA2 /* ContentView.swift */,
				2499258F28B0794100A56CA2 /* Assets.xcassets */,
				2499259128B0794100A56CA2 /* Preview Content */,
			);
			path = k2mobileapp;
			sourceTree = "<group>";
		};
		2499259128B0794100A56CA2 /* Preview Content */ = {
			isa = PBXGroup;
			children = (
				2499259228B0794100A56CA2 /* Preview Assets.xcassets */,
			);
			path = "Preview Content";
			sourceTree = "<group>";
		};
		2499259B28B0794100A56CA2 /* k2mobileappTests */ = {
			isa = PBXGroup;
			children = (
				2499259C28B0794100A56CA2 /* k2mobileappTests.swift */,
			);
			path = k2mobileappTests;
			sourceTree = "<group>";
		};
		249925A528B0794100A56CA2 /* k2mobileappUITests */ = {
			isa = PBXGroup;
			children = (
				249925A628B0794100A56CA2 /* k2mobileappUITests.swift */,
				249925A828B0794100A56CA2 /* k2mobileappUITestsLaunchTests.swift */,
			);
			path = k2mobileappUITests;
			sourceTree = "<group>";
		};
/* End PBXGroup section */

/* Begin PBXNativeTarget section */
		2499258728B0794000A56CA2 /* k2mobileapp */ = {
			isa = PBXNativeTarget;
			buildConfigurationList = 249925AC28B0794100A56CA2 /* Build configuration list for PBXNativeTarget "k2mobileapp" */;
			buildPhases = (
				2499258428B0794000A56CA2 /* Sources */,
				2499258528B0794000A56CA2 /* Frameworks */,
				2499258628B0794000A56CA2 /* Resources */,
			);
			buildRules = (
			);
			dependencies = (
			);
			name = k2mobileapp;
			productName = k2mobileapp;
			productReference = 2499258828B0794000A56CA2 /* k2mobileapp.app */;
			productType = "com.apple.product-type.application";
		};
		2499259728B0794100A56CA2 /* k2mobileappTests */ = {
			isa = PBXNativeTarget;
			buildConfigurationList = 249925AF28B0794100A56CA2 /* Build configuration list for PBXNativeTarget "k2mobileappTests" */;
			buildPhases = (
				2499259428B0794100A56CA2 /* Sources */,
				2499259528B0794100A56CA2 /* Frameworks */,
				2499259628B0794100A56CA2 /* Resources */,
			);
			buildRules = (
			);
			dependencies = (
				2499259A28B0794100A56CA2 /* PBXTargetDependency */,
			);
			name = k2mobileappTests;
			productName = k2mobileappTests;
			productReference = 2499259828B0794100A56CA2 /* k2mobileappTests.xctest */;
			productType = "com.apple.product-type.bundle.unit-test";
		};
		249925A128B0794100A56CA2 /* k2mobileappUITests */ = {
			isa = PBXNativeTarget;
			buildConfigurationList = 249925B228B0794100A56CA2 /* Build configuration list for PBXNativeTarget "k2mobileappUITests" */;
			buildPhases = (
				2499259E28B0794100A56CA2 /* Sources */,
				2499259F28B0794100A56CA2 /* Frameworks */,
				249925A028B0794100A56CA2 /* Resources */,
			);
			buildRules = (
			);
			dependencies = (
				249925A428B0794100A56CA2 /* PBXTargetDependency */,
			);
			name = k2mobileappUITests;
			productName = k2mobileappUITests;
			productReference = 249925A228B0794100A56CA2 /* k2mobileappUITests.xctest */;
			productType = "com.apple.product-type.bundle.ui-testing";
		};
/* End PBXNativeTarget section */

/* Begin PBXProject section */
		2499258028B0794000A56CA2 /* Project object */ = {
			isa = PBXProject;
			attributes = {
				BuildIndependentTargetsInParallel = 1;
				LastSwiftUpdateCheck = 1340;
				LastUpgradeCheck = 1340;
				TargetAttributes = {
					2499258728B0794000A56CA2 = {
						CreatedOnToolsVersion = 13.4.1;
					};
					2499259728B0794100A56CA2 = {
						CreatedOnToolsVersion = 13.4.1;
						TestTargetID = 2499258728B0794000A56CA2;
					};
					249925A128B0794100A56CA2 = {
						CreatedOnToolsVersion = 13.4.1;
						TestTargetID = 2499258728B0794000A56CA2;
					};
				};
			};
			buildConfigurationList = 2499258328B0794000A56CA2 /* Build configuration list for PBXProject "k2mobileapp" */;
			compatibilityVersion = "Xcode 13.0";
			developmentRegion = en;
			hasScannedForEncodings = 0;
			knownRegions = (
				en,
				Base,
			);
			mainGroup = 2499257F28B0794000A56CA2;
			productRefGroup = 2499258928B0794000A56CA2 /* Products */;
			projectDirPath = "";
			projectRoot = "";
			targets = (
				2499258728B0794000A56CA2 /* k2mobileapp */,
				2499259728B0794100A56CA2 /* k2mobileappTests */,
				249925A128B0794100A56CA2 /* k2mobileappUITests */,
			);
		};
/* End PBXProject section */

/* Begin PBXResourcesBuildPhase section */
		2499258628B0794000A56CA2 /* Resources */ = {
			isa = PBXResourcesBuildPhase;
			buildActionMask = 2147483647;
			files = (
				2499259328B0794100A56CA2 /* Preview Assets.xcassets in Resources */,
				2499259028B0794100A56CA2 /* Assets.xcassets in Resources */,
			);
			runOnlyForDeploymentPostprocessing = 0;
		};
		2499259628B0794100A56CA2 /* Resources */ = {
			isa = PBXResourcesBuildPhase;
			buildActionMask = 2147483647;
			files = (
			);
			runOnlyForDeploymentPostprocessing = 0;
		};
		249925A028B0794100A56CA2 /* Resources */ = {
			isa = PBXResourcesBuildPhase;
			buildActionMask = 2147483647;
			files = (
			);
			runOnlyForDeploymentPostprocessing = 0;
		};
/* End PBXResourcesBuildPhase section */

/* Begin PBXSourcesBuildPhase section */
		2499258428B0794000A56CA2 /* Sources */ = {
			isa = PBXSourcesBuildPhase;
			buildActionMask = 2147483647;
			files = (
				2499258E28B0794000A56CA2 /* ContentView.swift in Sources */,
				2499258C28B0794000A56CA2 /* k2mobileappApp.swift in Sources */,
			);
			runOnlyForDeploymentPostprocessing = 0;
		};
		2499259428B0794100A56CA2 /* Sources */ = {
			isa = PBXSourcesBuildPhase;
			buildActionMask = 2147483647;
			files = (
				2499259D28B0794100A56CA2 /* k2mobileappTests.swift in Sources */,
			);
			runOnlyForDeploymentPostprocessing = 0;
		};
		2499259E28B0794100A56CA2 /* Sources */ = {
			isa = PBXSourcesBuildPhase;
			buildActionMask = 2147483647;
			files = (
				249925A728B0794100A56CA2 /* k2mobileappUITests.swift in Sources */,
				249925A928B0794100A56CA2 /* k2mobileappUITestsLaunchTests.swift in Sources */,
			);
			runOnlyForDeploymentPostprocessing = 0;
		};
/* End PBXSourcesBuildPhase section */

/* Begin PBXTargetDependency section */
		2499259A28B0794100A56CA2 /* PBXTargetDependency */ = {
			isa = PBXTargetDependency;
			target = 2499258728B0794000A56CA2 /* k2mobileapp */;
			targetProxy = 2499259928B0794100A56CA2 /* PBXContainerItemProxy */;
		};
		249925A428B0794100A56CA2 /* PBXTargetDependency */ = {
			isa = PBXTargetDependency;
			target = 2499258728B0794000A56CA2 /* k2mobileapp */;
			targetProxy = 249925A328B0794100A56CA2 /* PBXContainerItemProxy */;
		};
/* End PBXTargetDependency section */

/* Begin XCBuildConfiguration section */
		249925AA28B0794100A56CA2 /* Debug */ = {
			isa = XCBuildConfiguration;
			buildSettings = {
				ALWAYS_SEARCH_USER_PATHS = NO;
				CLANG_ANALYZER_NONNULL = YES;
				CLANG_ANALYZER_NUMBER_OBJECT_CONVERSION = YES_AGGRESSIVE;
				CLANG_CXX_LANGUAGE_STANDARD = "gnu++17";
				CLANG_ENABLE_MODULES = YES;
				CLANG_ENABLE_OBJC_ARC = YES;
				CLANG_ENABLE_OBJC_WEAK = YES;
				CLANG_WARN_BLOCK_CAPTURE_AUTORELEASING = YES;
				CLANG_WARN_BOOL_CONVERSION = YES;
				CLANG_WARN_COMMA = YES;
				CLANG_WARN_CONSTANT_CONVERSION = YES;
				CLANG_WARN_DEPRECATED_OBJC_IMPLEMENTATIONS = YES;
				CLANG_WARN_DIRECT_OBJC_ISA_USAGE = YES_ERROR;
				CLANG_WARN_DOCUMENTATION_COMMENTS = YES;
				CLANG_WARN_EMPTY_BODY = YES;
				CLANG_WARN_ENUM_CONVERSION = YES;
				CLANG_WARN_INFINITE_RECURSION = YES;
				CLANG_WARN_INT_CONVERSION = YES;
				CLANG_WARN_NON_LITERAL_NULL_CONVERSION = YES;
				CLANG_WARN_OBJC_IMPLICIT_RETAIN_SELF = YES;
				CLANG_WARN_OBJC_LITERAL_CONVERSION = YES;
				CLANG_WARN_OBJC_ROOT_CLASS = YES_ERROR;
				CLANG_WARN_QUOTED_INCLUDE_IN_FRAMEWORK_HEADER = YES;
				CLANG_WARN_RANGE_LOOP_ANALYSIS = YES;
				CLANG_WARN_STRICT_PROTOTYPES = YES;
				CLANG_WARN_SUSPICIOUS_MOVE = YES;
				CLANG_WARN_UNGUARDED_AVAILABILITY = YES_AGGRESSIVE;
				CLANG_WARN_UNREACHABLE_CODE = YES;
				CLANG_WARN__DUPLICATE_METHOD_MATCH = YES;
				COPY_PHASE_STRIP = NO;
				DEBUG_INFORMATION_FORMAT = dwarf;
				ENABLE_STRICT_OBJC_MSGSEND = YES;
				ENABLE_TESTABILITY = YES;
				GCC_C_LANGUAGE_STANDARD = gnu11;
				GCC_DYNAMIC_NO_PIC = NO;
				GCC_NO_COMMON_BLOCKS = YES;
				GCC_OPTIMIZATION_LEVEL = 0;
				GCC_PREPROCESSOR_DEFINITIONS = (
					"DEBUG=1",
					"$(inherited)",
				);
				GCC_WARN_64_TO_32_BIT_CONVERSION = YES;
				GCC_WARN_ABOUT_RETURN_TYPE = YES_ERROR;
				GCC_WARN_UNDECLARED_SELECTOR = YES;
				GCC_WARN_UNINITIALIZED_AUTOS = YES_AGGRESSIVE;
				GCC_WARN_UNUSED_FUNCTION = YES;
				GCC_WARN_UNUSED_VARIABLE = YES;
				IPHONEOS_DEPLOYMENT_TARGET = 15.5;
				MTL_ENABLE_DEBUG_INFO = INCLUDE_SOURCE;
				MTL_FAST_MATH = YES;
				ONLY_ACTIVE_ARCH = YES;
				SDKROOT = iphoneos;
				SWIFT_ACTIVE_COMPILATION_CONDITIONS = DEBUG;
				SWIFT_OPTIMIZATION_LEVEL = "-Onone";
			};
			name = Debug;
		};
		249925AB28B0794100A56CA2 /* Release */ = {
			isa = XCBuildConfiguration;
			buildSettings = {
				ALWAYS_SEARCH_USER_PATHS = NO;
				CLANG_ANALYZER_NONNULL = YES;
				CLANG_ANALYZER_NUMBER_OBJECT_CONVERSION = YES_AGGRESSIVE;
				CLANG_CXX_LANGUAGE_STANDARD = "gnu++17";
				CLANG_ENABLE_MODULES = YES;
				CLANG_ENABLE_OBJC_ARC = YES;
				CLANG_ENABLE_OBJC_WEAK = YES;
				CLANG_WARN_BLOCK_CAPTURE_AUTORELEASING = YES;
				CLANG_WARN_BOOL_CONVERSION = YES;
				CLANG_WARN_COMMA = YES;
				CLANG_WARN_CONSTANT_CONVERSION = YES;
				CLANG_WARN_DEPRECATED_OBJC_IMPLEMENTATIONS = YES;
				CLANG_WARN_DIRECT_OBJC_ISA_USAGE = YES_ERROR;
				CLANG_WARN_DOCUMENTATION_COMMENTS = YES;
				CLANG_WARN_EMPTY_BODY = YES;
				CLANG_WARN_ENUM_CONVERSION = YES;
				CLANG_WARN_INFINITE_RECURSION = YES;
				CLANG_WARN_INT_CONVERSION = YES;
				CLANG_WARN_NON_LITERAL_NULL_CONVERSION = YES;
				CLANG_WARN_OBJC_IMPLICIT_RETAIN_SELF = YES;
				CLANG_WARN_OBJC_LITERAL_CONVERSION = YES;
				CLANG_WARN_OBJC_ROOT_CLASS = YES_ERROR;
				CLANG_WARN_QUOTED_INCLUDE_IN_FRAMEWORK_HEADER = YES;
				CLANG_WARN_RANGE_LOOP_ANALYSIS = YES;
				CLANG_WARN_STRICT_PROTOTYPES = YES;
				CLANG_WARN_SUSPICIOUS_MOVE = YES;
				CLANG_WARN_UNGUARDED_AVAILABILITY = YES_AGGRESSIVE;
				CLANG_WARN_UNREACHABLE_CODE = YES;
				CLANG_WARN__DUPLICATE_METHOD_MATCH = YES;
				COPY_PHASE_STRIP = NO;
				DEBUG_INFORMATION_FORMAT = "dwarf-with-dsym";
				ENABLE_NS_ASSERTIONS = NO;
				ENABLE_STRICT_OBJC_MSGSEND = YES;
				GCC_C_LANGUAGE_STANDARD = gnu11;
				GCC_NO_COMMON_BLOCKS = YES;
				GCC_WARN_64_TO_32_BIT_CONVERSION = YES;
				GCC_WARN_ABOUT_RETURN_TYPE = YES_ERROR;
				GCC_WARN_UNDECLARED_SELECTOR = YES;
				GCC_WARN_UNINITIALIZED_AUTOS = YES_AGGRESSIVE;
				GCC_WARN_UNUSED_FUNCTION = YES;
				GCC_WARN_UNUSED_VARIABLE = YES;
				IPHONEOS_DEPLOYMENT_TARGET = 15.5;
				MTL_ENABLE_DEBUG_INFO = NO;
				MTL_FAST_MATH = YES;
				SDKROOT = iphoneos;
				SWIFT_COMPILATION_MODE = wholemodule;
				SWIFT_OPTIMIZATION_LEVEL = "-O";
				VALIDATE_PRODUCT = YES;
			};
			name = Release;
		};
		249925AD28B0794100A56CA2 /* Debug */ = {
			isa = XCBuildConfiguration;
			buildSettings = {
				ASSETCATALOG_COMPILER_APPICON_NAME = AppIcon;
				ASSETCATALOG_COMPILER_GLOBAL_ACCENT_COLOR_NAME = AccentColor;
				CODE_SIGN_STYLE = Automatic;
				CURRENT_PROJECT_VERSION = 1;
				DEVELOPMENT_ASSET_PATHS = "\"k2mobileapp/Preview Content\"";
				DEVELOPMENT_TEAM = U3PN62FQ45;
				ENABLE_PREVIEWS = YES;
				GENERATE_INFOPLIST_FILE = YES;
				INFOPLIST_KEY_UIApplicationSceneManifest_Generation = YES;
				INFOPLIST_KEY_UIApplicationSupportsIndirectInputEvents = YES;
				INFOPLIST_KEY_UILaunchScreen_Generation = YES;
				INFOPLIST_KEY_UISupportedInterfaceOrientations_iPad = "UIInterfaceOrientationPortrait UIInterfaceOrientationPortraitUpsideDown UIInterfaceOrientationLandscapeLeft UIInterfaceOrientationLandscapeRight";
				INFOPLIST_KEY_UISupportedInterfaceOrientations_iPhone = "UIInterfaceOrientationPortrait UIInterfaceOrientationLandscapeLeft UIInterfaceOrientationLandscapeRight";
				LD_RUNPATH_SEARCH_PATHS = (
					"$(inherited)",
					"@executable_path/Frameworks",
				);
				MARKETING_VERSION = 1.0;
				PRODUCT_BUNDLE_IDENTIFIER = k2mobileapp.k2mobileapp;
				PRODUCT_NAME = "$(TARGET_NAME)";
				SWIFT_EMIT_LOC_STRINGS = YES;
				SWIFT_VERSION = 5.0;
				TARGETED_DEVICE_FAMILY = "1,2";
			};
			name = Debug;
		};
		249925AE28B0794100A56CA2 /* Release */ = {
			isa = XCBuildConfiguration;
			buildSettings = {
				ASSETCATALOG_COMPILER_APPICON_NAME = AppIcon;
				ASSETCATALOG_COMPILER_GLOBAL_ACCENT_COLOR_NAME = AccentColor;
				CODE_SIGN_STYLE = Automatic;
				CURRENT_PROJECT_VERSION = 1;
				DEVELOPMENT_ASSET_PATHS = "\"k2mobileapp/Preview Content\"";
				DEVELOPMENT_TEAM = U3PN62FQ45;
				ENABLE_PREVIEWS = YES;
				GENERATE_INFOPLIST_FILE = YES;
				INFOPLIST_KEY_UIApplicationSceneManifest_Generation = YES;
				INFOPLIST_KEY_UIApplicationSupportsIndirectInputEvents = YES;
				INFOPLIST_KEY_UILaunchScreen_Generation = YES;
				INFOPLIST_KEY_UISupportedInterfaceOrientations_iPad = "UIInterfaceOrientationPortrait UIInterfaceOrientationPortraitUpsideDown UIInterfaceOrientationLandscapeLeft UIInterfaceOrientationLandscapeRight";
				INFOPLIST_KEY_UISupportedInterfaceOrientations_iPhone = "UIInterfaceOrientationPortrait UIInterfaceOrientationLandscapeLeft UIInterfaceOrientationLandscapeRight";
				LD_RUNPATH_SEARCH_PATHS = (
					"$(inherited)",
					"@executable_path/Frameworks",
				);
				MARKETING_VERSION = 1.0;
				PRODUCT_BUNDLE_IDENTIFIER = k2mobileapp.k2mobileapp;
				PRODUCT_NAME = "$(TARGET_NAME)";
				SWIFT_EMIT_LOC_STRINGS = YES;
				SWIFT_VERSION = 5.0;
				TARGETED_DEVICE_FAMILY = "1,2";
			};
			name = Release;
		};
		249925B028B0794100A56CA2 /* Debug */ = {
			isa = XCBuildConfiguration;
			buildSettings = {
				ALWAYS_EMBED_SWIFT_STANDARD_LIBRARIES = YES;
				BUNDLE_LOADER = "$(TEST_HOST)";
				CODE_SIGN_STYLE = Automatic;
				CURRENT_PROJECT_VERSION = 1;
				DEVELOPMENT_TEAM = U3PN62FQ45;
				GENERATE_INFOPLIST_FILE = YES;
				IPHONEOS_DEPLOYMENT_TARGET = 15.5;
				MARKETING_VERSION = 1.0;
				PRODUCT_BUNDLE_IDENTIFIER = k2mobileapp.k2mobileappTests;
				PRODUCT_NAME = "$(TARGET_NAME)";
				SWIFT_EMIT_LOC_STRINGS = NO;
				SWIFT_VERSION = 5.0;
				TARGETED_DEVICE_FAMILY = "1,2";
				TEST_HOST = "$(BUILT_PRODUCTS_DIR)/k2mobileapp.app/k2mobileapp";
			};
			name = Debug;
		};
		249925B128B0794100A56CA2 /* Release */ = {
			isa = XCBuildConfiguration;
			buildSettings = {
				ALWAYS_EMBED_SWIFT_STANDARD_LIBRARIES = YES;
				BUNDLE_LOADER = "$(TEST_HOST)";
				CODE_SIGN_STYLE = Automatic;
				CURRENT_PROJECT_VERSION = 1;
				DEVELOPMENT_TEAM = U3PN62FQ45;
				GENERATE_INFOPLIST_FILE = YES;
				IPHONEOS_DEPLOYMENT_TARGET = 15.5;
				MARKETING_VERSION = 1.0;
				PRODUCT_BUNDLE_IDENTIFIER = k2mobileapp.k2mobileappTests;
				PRODUCT_NAME = "$(TARGET_NAME)";
				SWIFT_EMIT_LOC_STRINGS = NO;
				SWIFT_VERSION = 5.0;
				TARGETED_DEVICE_FAMILY = "1,2";
				TEST_HOST = "$(BUILT_PRODUCTS_DIR)/k2mobileapp.app/k2mobileapp";
			};
			name = Release;
		};
		249925B328B0794100A56CA2 /* Debug */ = {
			isa = XCBuildConfiguration;
			buildSettings = {
				ALWAYS_EMBED_SWIFT_STANDARD_LIBRARIES = YES;
				CODE_SIGN_STYLE = Automatic;
				CURRENT_PROJECT_VERSION = 1;
				DEVELOPMENT_TEAM = U3PN62FQ45;
				GENERATE_INFOPLIST_FILE = YES;
				MARKETING_VERSION = 1.0;
				PRODUCT_BUNDLE_IDENTIFIER = k2mobileapp.k2mobileappUITests;
				PRODUCT_NAME = "$(TARGET_NAME)";
				SWIFT_EMIT_LOC_STRINGS = NO;
				SWIFT_VERSION = 5.0;
				TARGETED_DEVICE_FAMILY = "1,2";
				TEST_TARGET_NAME = k2mobileapp;
			};
			name = Debug;
		};
		249925B428B0794100A56CA2 /* Release */ = {
			isa = XCBuildConfiguration;
			buildSettings = {
				ALWAYS_EMBED_SWIFT_STANDARD_LIBRARIES = YES;
				CODE_SIGN_STYLE = Automatic;
				CURRENT_PROJECT_VERSION = 1;
				DEVELOPMENT_TEAM = U3PN62FQ45;
				GENERATE_INFOPLIST_FILE = YES;
				MARKETING_VERSION = 1.0;
				PRODUCT_BUNDLE_IDENTIFIER = k2mobileapp.k2mobileappUITests;
				PRODUCT_NAME = "$(TARGET_NAME)";
				SWIFT_EMIT_LOC_STRINGS = NO;
				SWIFT_VERSION = 5.0;
				TARGETED_DEVICE_FAMILY = "1,2";
				TEST_TARGET_NAME = k2mobileapp;
			};
			name = Release;
		};
/* End XCBuildConfiguration section */

/* Begin XCConfigurationList section */
		2499258328B0794000A56CA2 /* Build configuration list for PBXProject "k2mobileapp" */ = {
			isa = XCConfigurationList;
			buildConfigurations = (
				249925AA28B0794100A56CA2 /* Debug */,
				249925AB28B0794100A56CA2 /* Release */,
			);
			defaultConfigurationIsVisible = 0;
			defaultConfigurationName = Release;
		};
		249925AC28B0794100A56CA2 /* Build configuration list for PBXNativeTarget "k2mobileapp" */ = {
			isa = XCConfigurationList;
			buildConfigurations = (
				249925AD28B0794100A56CA2 /* Debug */,
				249925AE28B0794100A56CA2 /* Release */,
			);
			defaultConfigurationIsVisible = 0;
			defaultConfigurationName = Release;
		};
		249925AF28B0794100A56CA2 /* Build configuration list for PBXNativeTarget "k2mobileappTests" */ = {
			isa = XCConfigurationList;
			buildConfigurations = (
				249925B028B0794100A56CA2 /* Debug */,
				249925B128B0794100A56CA2 /* Release */,
			);
			defaultConfigurationIsVisible = 0;
			defaultConfigurationName = Release;
		};
		249925B228B0794100A56CA2 /* Build configuration list for PBXNativeTarget "k2mobileappUITests" */ = {
			isa = XCConfigurationList;
			buildConfigurations = (
				249925B328B0794100A56CA2 /* Debug */,
				249925B428B0794100A56CA2 /* Release */,
			);
			defaultConfigurationIsVisible = 0;
			defaultConfigurationName = Release;
		};
/* End XCConfigurationList section */
	};
	rootObject = 2499258028B0794000A56CA2 /* Project object */;
}
